{
  "version": "1",
  "sources": {
    "nixpkgs": {
      "type": "GitHub",
      "fetchType": "tarball",
      "owner": "nixos",
      "repo": "nixpkgs",
      "branch": "nixos-unstable",
      "revision": "e94cb152ed51bd6e24eb4a41f1460252beb52cd2",
      "url": "https://github.com/nixos/nixpkgs/archive/e94cb152ed51bd6e24eb4a41f1460252beb52cd2.tar.gz",
      "hash": "sha256-VVTPf+Hyd5ebpjBMHmrLMSBIeW6ls48Bqtosj7CNKLA="
    }
  }
}
